
Microsoft Visual Studio Solution File, Format Version 12.00
# Visual Studio Version 17
VisualStudioVersion = 17.8.34330.188
MinimumVisualStudioVersion = 10.0.40219.1
Project("{FAE04EC0-301F-11D3-BF4B-00C04F79EFBC}") = "StudentDataRetrieval", "StudentDataRetrieval\StudentDataRetrieval.csproj", "{72D763B8-0FED-4613-B273-67E7A0D00844}"
EndProject
Global
	GlobalSection(SolutionConfigurationPlatforms) = preSolution
		Debug|Any CPU = Debug|Any CPU
		Release|Any CPU = Release|Any CPU
	EndGlobalSection
	GlobalSection(ProjectConfigurationPlatforms) = postSolution
		{72D763B8-0FED-4613-B273-67E7A0D00844}.Debug|Any CPU.ActiveCfg = Debug|Any CPU
		{72D763B8-0FED-4613-B273-67E7A0D00844}.Debug|Any CPU.Build.0 = Debug|Any CPU
		{72D763B8-0FED-4613-B273-67E7A0D00844}.Release|Any CPU.ActiveCfg = Release|Any CPU
		{72D763B8-0FED-4613-B273-67E7A0D00844}.Release|Any CPU.Build.0 = Release|Any CPU
	EndGlobalSection
	GlobalSection(SolutionProperties) = preSolution
		HideSolutionNode = FALSE
	EndGlobalSection
	GlobalSection(ExtensibilityGlobals) = postSolution
		SolutionGuid = {88A931A9-CA9E-42CE-86A7-F5BD7D7FF4D4}
	EndGlobalSection
EndGlobal
